<?xml version="1.0" encoding="utf-8"?>
<Project ToolsVersion="4.0" xmlns="http://schemas.microsoft.com/developer/msbuild/2003">
  <ItemGroup>
    <Filter Include="run">
      <UniqueIdentifier>{35c9e370-0d21-4a1e-bf9b-5c14325c677a}</UniqueIdentifier>
    </Filter>
  </ItemGroup>
  <ItemGroup>
    <ClCompile Include="src\run\start.c">
      <Filter>run</Filter>
    </ClCompile>
    <ClCompile Include="src\run\unlinkedStaticClassFiles.c" />
  </ItemGroup>
  <ItemGroup>
    <Text Include="notes.txt" />
  </ItemGroup>
</Project>